
Microsoft Visual Studio Solution File, Format Version 12.00
# Visual Studio Version 17
VisualStudioVersion = 17.7.34031.279
MinimumVisualStudioVersion = 10.0.40219.1
Project("{9092AA53-FB77-4645-B42D-1CCCA6BD08BD}") = "SoundTouchPlusCard", "SoundTouchPlusCard.njsproj", "{19DFEE94-5CAE-417C-AC13-38B165E4121E}"
EndProject
Global
	GlobalSection(SolutionConfigurationPlatforms) = preSolution
		Debug|Any CPU = Debug|Any CPU
		Release|Any CPU = Release|Any CPU
	EndGlobalSection
	GlobalSection(ProjectConfigurationPlatforms) = postSolution
		{19DFEE94-5CAE-417C-AC13-38B165E4121E}.Debug|Any CPU.ActiveCfg = Debug|Any CPU
		{19DFEE94-5CAE-417C-AC13-38B165E4121E}.Debug|Any CPU.Build.0 = Debug|Any CPU
		{19DFEE94-5CAE-417C-AC13-38B165E4121E}.Release|Any CPU.ActiveCfg = Release|Any CPU
		{19DFEE94-5CAE-417C-AC13-38B165E4121E}.Release|Any CPU.Build.0 = Release|Any CPU
	EndGlobalSection
	GlobalSection(SolutionProperties) = preSolution
		HideSolutionNode = FALSE
	EndGlobalSection
	GlobalSection(ExtensibilityGlobals) = postSolution
		SolutionGuid = {565C40C8-67DC-409B-AA17-959A4D8DE3BF}
	EndGlobalSection
EndGlobal
